
Microsoft Visual Studio Solution File, Format Version 12.00
# Visual Studio Version 17
VisualStudioVersion = 17.3.32929.385
MinimumVisualStudioVersion = 10.0.40219.1
Project("{9A19103F-16F7-4668-BE54-9A1E7A4F7556}") = "DeadletterScrapper", "DeadletterScrapper\DeadletterScrapper.csproj", "{A5BB2E58-6D74-496C-B64C-8BF683FB602F}"
EndProject
Global
	GlobalSection(SolutionConfigurationPlatforms) = preSolution
		Debug|Any CPU = Debug|Any CPU
		Release|Any CPU = Release|Any CPU
	EndGlobalSection
	GlobalSection(ProjectConfigurationPlatforms) = postSolution
		{A5BB2E58-6D74-496C-B64C-8BF683FB602F}.Debug|Any CPU.ActiveCfg = Debug|Any CPU
		{A5BB2E58-6D74-496C-B64C-8BF683FB602F}.Debug|Any CPU.Build.0 = Debug|Any CPU
		{A5BB2E58-6D74-496C-B64C-8BF683FB602F}.Release|Any CPU.ActiveCfg = Release|Any CPU
		{A5BB2E58-6D74-496C-B64C-8BF683FB602F}.Release|Any CPU.Build.0 = Release|Any CPU
	EndGlobalSection
	GlobalSection(SolutionProperties) = preSolution
		HideSolutionNode = FALSE
	EndGlobalSection
	GlobalSection(ExtensibilityGlobals) = postSolution
		SolutionGuid = {C282C7B0-4807-4081-A355-ADF0E701D3D9}
	EndGlobalSection
EndGlobal
